
Microsoft Visual Studio Solution File, Format Version 12.00
# Visual Studio 2012
Project("{FAE04EC0-301F-11D3-BF4B-00C04F79EFBC}") = "SpriteEffect.Windows", "SpriteEffect.Windows.csproj", "{290D59BD-BEA4-41CB-9E54-009D54DBF99F}"
EndProject
Project("{FAE04EC0-301F-11D3-BF4B-00C04F79EFBC}") = "ResolutionBuddy.Windows", "..\externals\ResolutionBuddy\Windows\ResolutionBuddy.Windows.csproj", "{28342DF0-0089-4A2A-B3D4-6DCD65D6D8E4}"
EndProject
Project("{2150E333-8FDC-42A3-9474-1A3956D46DE8}") = ".nuget", ".nuget", "{8D1CA987-8855-40A4-A706-989E90615445}"
	ProjectSection(SolutionItems) = preProject
		.nuget\NuGet.Config = .nuget\NuGet.Config
		.nuget\NuGet.exe = .nuget\NuGet.exe
		.nuget\NuGet.targets = .nuget\NuGet.targets
	EndProjectSection
EndProject
Project("{FAE04EC0-301F-11D3-BF4B-00C04F79EFBC}") = "MatrixExtensions.Windows", "..\externals\MatrixExtensions\Windows\MatrixExtensions.Windows.csproj", "{E2C50D0B-A1C1-4F67-92CB-BE0E587A3CE6}"
EndProject
Project("{FAE04EC0-301F-11D3-BF4B-00C04F79EFBC}") = "BloomBuddy.Windows", "..\externals\BloomComponent\Windows\BloomBuddy.Windows.csproj", "{06676666-C14F-41D8-A6AD-2CF5A0AFF14B}"
EndProject
Global
	GlobalSection(SolutionConfigurationPlatforms) = preSolution
		Debug|Any CPU = Debug|Any CPU
		Debug|Mixed Platforms = Debug|Mixed Platforms
		Debug|x64 = Debug|x64
		Debug|x86 = Debug|x86
		Release|Any CPU = Release|Any CPU
		Release|Mixed Platforms = Release|Mixed Platforms
		Release|x64 = Release|x64
		Release|x86 = Release|x86
	EndGlobalSection
	GlobalSection(ProjectConfigurationPlatforms) = postSolution
		{290D59BD-BEA4-41CB-9E54-009D54DBF99F}.Debug|Any CPU.ActiveCfg = Debug|Any CPU
		{290D59BD-BEA4-41CB-9E54-009D54DBF99F}.Debug|Any CPU.Build.0 = Debug|Any CPU
		{290D59BD-BEA4-41CB-9E54-009D54DBF99F}.Debug|Mixed Platforms.ActiveCfg = Debug|Any CPU
		{290D59BD-BEA4-41CB-9E54-009D54DBF99F}.Debug|Mixed Platforms.Build.0 = Debug|Any CPU
		{290D59BD-BEA4-41CB-9E54-009D54DBF99F}.Debug|x64.ActiveCfg = Debug|x64
		{290D59BD-BEA4-41CB-9E54-009D54DBF99F}.Debug|x64.Build.0 = Debug|x64
		{290D59BD-BEA4-41CB-9E54-009D54DBF99F}.Debug|x86.ActiveCfg = Debug|x86
		{290D59BD-BEA4-41CB-9E54-009D54DBF99F}.Debug|x86.Build.0 = Debug|x86
		{290D59BD-BEA4-41CB-9E54-009D54DBF99F}.Release|Any CPU.ActiveCfg = Release|Any CPU
		{290D59BD-BEA4-41CB-9E54-009D54DBF99F}.Release|Any CPU.Build.0 = Release|Any CPU
		{290D59BD-BEA4-41CB-9E54-009D54DBF99F}.Release|Mixed Platforms.ActiveCfg = Release|Any CPU
		{290D59BD-BEA4-41CB-9E54-009D54DBF99F}.Release|Mixed Platforms.Build.0 = Release|Any CPU
		{290D59BD-BEA4-41CB-9E54-009D54DBF99F}.Release|x64.ActiveCfg = Release|x64
		{290D59BD-BEA4-41CB-9E54-009D54DBF99F}.Release|x64.Build.0 = Release|x64
		{290D59BD-BEA4-41CB-9E54-009D54DBF99F}.Release|x86.ActiveCfg = Release|Any CPU
		{290D59BD-BEA4-41CB-9E54-009D54DBF99F}.Release|x86.Build.0 = Release|Any CPU
		{28342DF0-0089-4A2A-B3D4-6DCD65D6D8E4}.Debug|Any CPU.ActiveCfg = Debug|Any CPU
		{28342DF0-0089-4A2A-B3D4-6DCD65D6D8E4}.Debug|Any CPU.Build.0 = Debug|Any CPU
		{28342DF0-0089-4A2A-B3D4-6DCD65D6D8E4}.Debug|Mixed Platforms.ActiveCfg = Debug|x86
		{28342DF0-0089-4A2A-B3D4-6DCD65D6D8E4}.Debug|Mixed Platforms.Build.0 = Debug|x86
		{28342DF0-0089-4A2A-B3D4-6DCD65D6D8E4}.Debug|x64.ActiveCfg = Debug|x64
		{28342DF0-0089-4A2A-B3D4-6DCD65D6D8E4}.Debug|x64.Build.0 = Debug|x64
		{28342DF0-0089-4A2A-B3D4-6DCD65D6D8E4}.Debug|x86.ActiveCfg = Debug|x86
		{28342DF0-0089-4A2A-B3D4-6DCD65D6D8E4}.Debug|x86.Build.0 = Debug|x86
		{28342DF0-0089-4A2A-B3D4-6DCD65D6D8E4}.Release|Any CPU.ActiveCfg = Release|Any CPU
		{28342DF0-0089-4A2A-B3D4-6DCD65D6D8E4}.Release|Any CPU.Build.0 = Release|Any CPU
		{28342DF0-0089-4A2A-B3D4-6DCD65D6D8E4}.Release|Mixed Platforms.ActiveCfg = Release|x86
		{28342DF0-0089-4A2A-B3D4-6DCD65D6D8E4}.Release|Mixed Platforms.Build.0 = Release|x86
		{28342DF0-0089-4A2A-B3D4-6DCD65D6D8E4}.Release|x64.ActiveCfg = Release|x64
		{28342DF0-0089-4A2A-B3D4-6DCD65D6D8E4}.Release|x64.Build.0 = Release|x64
		{28342DF0-0089-4A2A-B3D4-6DCD65D6D8E4}.Release|x86.ActiveCfg = Release|x86
		{28342DF0-0089-4A2A-B3D4-6DCD65D6D8E4}.Release|x86.Build.0 = Release|x86
		{E2C50D0B-A1C1-4F67-92CB-BE0E587A3CE6}.Debug|Any CPU.ActiveCfg = Debug|Any CPU
		{E2C50D0B-A1C1-4F67-92CB-BE0E587A3CE6}.Debug|Any CPU.Build.0 = Debug|Any CPU
		{E2C50D0B-A1C1-4F67-92CB-BE0E587A3CE6}.Debug|Mixed Platforms.ActiveCfg = Debug|x86
		{E2C50D0B-A1C1-4F67-92CB-BE0E587A3CE6}.Debug|Mixed Platforms.Build.0 = Debug|x86
		{E2C50D0B-A1C1-4F67-92CB-BE0E587A3CE6}.Debug|x64.ActiveCfg = Debug|x64
		{E2C50D0B-A1C1-4F67-92CB-BE0E587A3CE6}.Debug|x64.Build.0 = Debug|x64
		{E2C50D0B-A1C1-4F67-92CB-BE0E587A3CE6}.Debug|x86.ActiveCfg = Debug|x86
		{E2C50D0B-A1C1-4F67-92CB-BE0E587A3CE6}.Debug|x86.Build.0 = Debug|x86
		{E2C50D0B-A1C1-4F67-92CB-BE0E587A3CE6}.Release|Any CPU.ActiveCfg = Release|Any CPU
		{E2C50D0B-A1C1-4F67-92CB-BE0E587A3CE6}.Release|Any CPU.Build.0 = Release|Any CPU
		{E2C50D0B-A1C1-4F67-92CB-BE0E587A3CE6}.Release|Mixed Platforms.ActiveCfg = Release|x86
		{E2C50D0B-A1C1-4F67-92CB-BE0E587A3CE6}.Release|Mixed Platforms.Build.0 = Release|x86
		{E2C50D0B-A1C1-4F67-92CB-BE0E587A3CE6}.Release|x64.ActiveCfg = Release|x64
		{E2C50D0B-A1C1-4F67-92CB-BE0E587A3CE6}.Release|x64.Build.0 = Release|x64
		{E2C50D0B-A1C1-4F67-92CB-BE0E587A3CE6}.Release|x86.ActiveCfg = Release|x86
		{E2C50D0B-A1C1-4F67-92CB-BE0E587A3CE6}.Release|x86.Build.0 = Release|x86
		{06676666-C14F-41D8-A6AD-2CF5A0AFF14B}.Debug|Any CPU.ActiveCfg = Debug|Any CPU
		{06676666-C14F-41D8-A6AD-2CF5A0AFF14B}.Debug|Any CPU.Build.0 = Debug|Any CPU
		{06676666-C14F-41D8-A6AD-2CF5A0AFF14B}.Debug|Mixed Platforms.ActiveCfg = Debug|x86
		{06676666-C14F-41D8-A6AD-2CF5A0AFF14B}.Debug|Mixed Platforms.Build.0 = Debug|x86
		{06676666-C14F-41D8-A6AD-2CF5A0AFF14B}.Debug|x64.ActiveCfg = Debug|x64
		{06676666-C14F-41D8-A6AD-2CF5A0AFF14B}.Debug|x64.Build.0 = Debug|x64
		{06676666-C14F-41D8-A6AD-2CF5A0AFF14B}.Debug|x86.ActiveCfg = Debug|x86
		{06676666-C14F-41D8-A6AD-2CF5A0AFF14B}.Debug|x86.Build.0 = Debug|x86
		{06676666-C14F-41D8-A6AD-2CF5A0AFF14B}.Release|Any CPU.ActiveCfg = Release|Any CPU
		{06676666-C14F-41D8-A6AD-2CF5A0AFF14B}.Release|Any CPU.Build.0 = Release|Any CPU
		{06676666-C14F-41D8-A6AD-2CF5A0AFF14B}.Release|Mixed Platforms.ActiveCfg = Release|x86
		{06676666-C14F-41D8-A6AD-2CF5A0AFF14B}.Release|Mixed Platforms.Build.0 = Release|x86
		{06676666-C14F-41D8-A6AD-2CF5A0AFF14B}.Release|x64.ActiveCfg = Release|x64
		{06676666-C14F-41D8-A6AD-2CF5A0AFF14B}.Release|x64.Build.0 = Release|x64
		{06676666-C14F-41D8-A6AD-2CF5A0AFF14B}.Release|x86.ActiveCfg = Release|x86
		{06676666-C14F-41D8-A6AD-2CF5A0AFF14B}.Release|x86.Build.0 = Release|x86
	EndGlobalSection
	GlobalSection(SolutionProperties) = preSolution
		HideSolutionNode = FALSE
	EndGlobalSection
	GlobalSection(MonoDevelopProperties) = preSolution
		StartupItem = SpriteEffect.Windows.csproj
	EndGlobalSection
EndGlobal
