
Microsoft Visual Studio Solution File, Format Version 11.00
# Visual C# Express 2010
Project("{FAE04EC0-301F-11D3-BF4B-00C04F79EFBC}") = "SpriteEffect.Xna", "SpriteEffect.Xna\SpriteEffect.Xna.csproj", "{C93FC56C-1D3F-4D7E-B362-7E3C1415A166}"
EndProject
Project("{FAE04EC0-301F-11D3-BF4B-00C04F79EFBC}") = "SpriteEffect.XnaContent", "SpriteEffect.XnaContent\SpriteEffect.XnaContent.contentproj", "{F23C3CBA-30B3-4B87-8B72-953F96EB9D6C}"
EndProject
Project("{FAE04EC0-301F-11D3-BF4B-00C04F79EFBC}") = "SpriteEffectsPipeline", "SpriteEffectsPipeline\SpriteEffectsPipeline.csproj", "{703BEF24-DE49-4DA1-A25B-56BB1E7CDCD0}"
EndProject
Global
	GlobalSection(SolutionConfigurationPlatforms) = preSolution
		Android|Any CPU = Android|Any CPU
		Android|Mixed Platforms = Android|Mixed Platforms
		Android|x86 = Android|x86
		Debug|Any CPU = Debug|Any CPU
		Debug|Mixed Platforms = Debug|Mixed Platforms
		Debug|x86 = Debug|x86
		iOS|Any CPU = iOS|Any CPU
		iOS|Mixed Platforms = iOS|Mixed Platforms
		iOS|x86 = iOS|x86
		Linux|Any CPU = Linux|Any CPU
		Linux|Mixed Platforms = Linux|Mixed Platforms
		Linux|x86 = Linux|x86
		OSX|Any CPU = OSX|Any CPU
		OSX|Mixed Platforms = OSX|Mixed Platforms
		OSX|x86 = OSX|x86
		PSM|Any CPU = PSM|Any CPU
		PSM|Mixed Platforms = PSM|Mixed Platforms
		PSM|x86 = PSM|x86
		Release|Any CPU = Release|Any CPU
		Release|Mixed Platforms = Release|Mixed Platforms
		Release|x86 = Release|x86
		Windows|Any CPU = Windows|Any CPU
		Windows|Mixed Platforms = Windows|Mixed Platforms
		Windows|x86 = Windows|x86
		Windows8|Any CPU = Windows8|Any CPU
		Windows8|Mixed Platforms = Windows8|Mixed Platforms
		Windows8|x86 = Windows8|x86
	EndGlobalSection
	GlobalSection(ProjectConfigurationPlatforms) = postSolution
		{C93FC56C-1D3F-4D7E-B362-7E3C1415A166}.Android|Any CPU.ActiveCfg = Release|x86
		{C93FC56C-1D3F-4D7E-B362-7E3C1415A166}.Android|Mixed Platforms.ActiveCfg = Release|x86
		{C93FC56C-1D3F-4D7E-B362-7E3C1415A166}.Android|Mixed Platforms.Build.0 = Release|x86
		{C93FC56C-1D3F-4D7E-B362-7E3C1415A166}.Android|x86.ActiveCfg = Release|x86
		{C93FC56C-1D3F-4D7E-B362-7E3C1415A166}.Android|x86.Build.0 = Release|x86
		{C93FC56C-1D3F-4D7E-B362-7E3C1415A166}.Debug|Any CPU.ActiveCfg = Debug|x86
		{C93FC56C-1D3F-4D7E-B362-7E3C1415A166}.Debug|Mixed Platforms.ActiveCfg = Debug|x86
		{C93FC56C-1D3F-4D7E-B362-7E3C1415A166}.Debug|Mixed Platforms.Build.0 = Debug|x86
		{C93FC56C-1D3F-4D7E-B362-7E3C1415A166}.Debug|x86.ActiveCfg = Debug|x86
		{C93FC56C-1D3F-4D7E-B362-7E3C1415A166}.Debug|x86.Build.0 = Debug|x86
		{C93FC56C-1D3F-4D7E-B362-7E3C1415A166}.iOS|Any CPU.ActiveCfg = Release|x86
		{C93FC56C-1D3F-4D7E-B362-7E3C1415A166}.iOS|Mixed Platforms.ActiveCfg = Release|x86
		{C93FC56C-1D3F-4D7E-B362-7E3C1415A166}.iOS|Mixed Platforms.Build.0 = Release|x86
		{C93FC56C-1D3F-4D7E-B362-7E3C1415A166}.iOS|x86.ActiveCfg = Release|x86
		{C93FC56C-1D3F-4D7E-B362-7E3C1415A166}.iOS|x86.Build.0 = Release|x86
		{C93FC56C-1D3F-4D7E-B362-7E3C1415A166}.Linux|Any CPU.ActiveCfg = Release|x86
		{C93FC56C-1D3F-4D7E-B362-7E3C1415A166}.Linux|Mixed Platforms.ActiveCfg = Release|x86
		{C93FC56C-1D3F-4D7E-B362-7E3C1415A166}.Linux|Mixed Platforms.Build.0 = Release|x86
		{C93FC56C-1D3F-4D7E-B362-7E3C1415A166}.Linux|x86.ActiveCfg = Release|x86
		{C93FC56C-1D3F-4D7E-B362-7E3C1415A166}.Linux|x86.Build.0 = Release|x86
		{C93FC56C-1D3F-4D7E-B362-7E3C1415A166}.OSX|Any CPU.ActiveCfg = Release|x86
		{C93FC56C-1D3F-4D7E-B362-7E3C1415A166}.OSX|Mixed Platforms.ActiveCfg = Release|x86
		{C93FC56C-1D3F-4D7E-B362-7E3C1415A166}.OSX|Mixed Platforms.Build.0 = Release|x86
		{C93FC56C-1D3F-4D7E-B362-7E3C1415A166}.OSX|x86.ActiveCfg = Release|x86
		{C93FC56C-1D3F-4D7E-B362-7E3C1415A166}.OSX|x86.Build.0 = Release|x86
		{C93FC56C-1D3F-4D7E-B362-7E3C1415A166}.PSM|Any CPU.ActiveCfg = Release|x86
		{C93FC56C-1D3F-4D7E-B362-7E3C1415A166}.PSM|Mixed Platforms.ActiveCfg = Release|x86
		{C93FC56C-1D3F-4D7E-B362-7E3C1415A166}.PSM|Mixed Platforms.Build.0 = Release|x86
		{C93FC56C-1D3F-4D7E-B362-7E3C1415A166}.PSM|x86.ActiveCfg = Release|x86
		{C93FC56C-1D3F-4D7E-B362-7E3C1415A166}.PSM|x86.Build.0 = Release|x86
		{C93FC56C-1D3F-4D7E-B362-7E3C1415A166}.Release|Any CPU.ActiveCfg = Release|x86
		{C93FC56C-1D3F-4D7E-B362-7E3C1415A166}.Release|Mixed Platforms.ActiveCfg = Release|x86
		{C93FC56C-1D3F-4D7E-B362-7E3C1415A166}.Release|Mixed Platforms.Build.0 = Release|x86
		{C93FC56C-1D3F-4D7E-B362-7E3C1415A166}.Release|x86.ActiveCfg = Release|x86
		{C93FC56C-1D3F-4D7E-B362-7E3C1415A166}.Release|x86.Build.0 = Release|x86
		{C93FC56C-1D3F-4D7E-B362-7E3C1415A166}.Windows|Any CPU.ActiveCfg = Release|x86
		{C93FC56C-1D3F-4D7E-B362-7E3C1415A166}.Windows|Mixed Platforms.ActiveCfg = Release|x86
		{C93FC56C-1D3F-4D7E-B362-7E3C1415A166}.Windows|Mixed Platforms.Build.0 = Release|x86
		{C93FC56C-1D3F-4D7E-B362-7E3C1415A166}.Windows|x86.ActiveCfg = Release|x86
		{C93FC56C-1D3F-4D7E-B362-7E3C1415A166}.Windows|x86.Build.0 = Release|x86
		{C93FC56C-1D3F-4D7E-B362-7E3C1415A166}.Windows8|Any CPU.ActiveCfg = Release|x86
		{C93FC56C-1D3F-4D7E-B362-7E3C1415A166}.Windows8|Mixed Platforms.ActiveCfg = Release|x86
		{C93FC56C-1D3F-4D7E-B362-7E3C1415A166}.Windows8|Mixed Platforms.Build.0 = Release|x86
		{C93FC56C-1D3F-4D7E-B362-7E3C1415A166}.Windows8|x86.ActiveCfg = Release|x86
		{C93FC56C-1D3F-4D7E-B362-7E3C1415A166}.Windows8|x86.Build.0 = Release|x86
		{F23C3CBA-30B3-4B87-8B72-953F96EB9D6C}.Android|Any CPU.ActiveCfg = Release|x86
		{F23C3CBA-30B3-4B87-8B72-953F96EB9D6C}.Android|Mixed Platforms.ActiveCfg = Release|x86
		{F23C3CBA-30B3-4B87-8B72-953F96EB9D6C}.Android|x86.ActiveCfg = Release|x86
		{F23C3CBA-30B3-4B87-8B72-953F96EB9D6C}.Debug|Any CPU.ActiveCfg = Debug|x86
		{F23C3CBA-30B3-4B87-8B72-953F96EB9D6C}.Debug|Mixed Platforms.ActiveCfg = Debug|x86
		{F23C3CBA-30B3-4B87-8B72-953F96EB9D6C}.Debug|x86.ActiveCfg = Debug|x86
		{F23C3CBA-30B3-4B87-8B72-953F96EB9D6C}.iOS|Any CPU.ActiveCfg = Release|x86
		{F23C3CBA-30B3-4B87-8B72-953F96EB9D6C}.iOS|Mixed Platforms.ActiveCfg = Release|x86
		{F23C3CBA-30B3-4B87-8B72-953F96EB9D6C}.iOS|x86.ActiveCfg = Release|x86
		{F23C3CBA-30B3-4B87-8B72-953F96EB9D6C}.Linux|Any CPU.ActiveCfg = Release|x86
		{F23C3CBA-30B3-4B87-8B72-953F96EB9D6C}.Linux|Mixed Platforms.ActiveCfg = Release|x86
		{F23C3CBA-30B3-4B87-8B72-953F96EB9D6C}.Linux|x86.ActiveCfg = Release|x86
		{F23C3CBA-30B3-4B87-8B72-953F96EB9D6C}.OSX|Any CPU.ActiveCfg = Release|x86
		{F23C3CBA-30B3-4B87-8B72-953F96EB9D6C}.OSX|Mixed Platforms.ActiveCfg = Release|x86
		{F23C3CBA-30B3-4B87-8B72-953F96EB9D6C}.OSX|x86.ActiveCfg = Release|x86
		{F23C3CBA-30B3-4B87-8B72-953F96EB9D6C}.PSM|Any CPU.ActiveCfg = Release|x86
		{F23C3CBA-30B3-4B87-8B72-953F96EB9D6C}.PSM|Mixed Platforms.ActiveCfg = Release|x86
		{F23C3CBA-30B3-4B87-8B72-953F96EB9D6C}.PSM|x86.ActiveCfg = Release|x86
		{F23C3CBA-30B3-4B87-8B72-953F96EB9D6C}.Release|Any CPU.ActiveCfg = Release|x86
		{F23C3CBA-30B3-4B87-8B72-953F96EB9D6C}.Release|Mixed Platforms.ActiveCfg = Release|x86
		{F23C3CBA-30B3-4B87-8B72-953F96EB9D6C}.Release|x86.ActiveCfg = Release|x86
		{F23C3CBA-30B3-4B87-8B72-953F96EB9D6C}.Windows|Any CPU.ActiveCfg = Release|x86
		{F23C3CBA-30B3-4B87-8B72-953F96EB9D6C}.Windows|Mixed Platforms.ActiveCfg = Release|x86
		{F23C3CBA-30B3-4B87-8B72-953F96EB9D6C}.Windows|x86.ActiveCfg = Release|x86
		{F23C3CBA-30B3-4B87-8B72-953F96EB9D6C}.Windows8|Any CPU.ActiveCfg = Release|x86
		{F23C3CBA-30B3-4B87-8B72-953F96EB9D6C}.Windows8|Mixed Platforms.ActiveCfg = Release|x86
		{F23C3CBA-30B3-4B87-8B72-953F96EB9D6C}.Windows8|x86.ActiveCfg = Release|x86
		{703BEF24-DE49-4DA1-A25B-56BB1E7CDCD0}.Android|Any CPU.ActiveCfg = Debug|x86
		{703BEF24-DE49-4DA1-A25B-56BB1E7CDCD0}.Android|Mixed Platforms.ActiveCfg = Debug|x86
		{703BEF24-DE49-4DA1-A25B-56BB1E7CDCD0}.Android|Mixed Platforms.Build.0 = Debug|x86
		{703BEF24-DE49-4DA1-A25B-56BB1E7CDCD0}.Android|x86.ActiveCfg = Debug|x86
		{703BEF24-DE49-4DA1-A25B-56BB1E7CDCD0}.Android|x86.Build.0 = Debug|x86
		{703BEF24-DE49-4DA1-A25B-56BB1E7CDCD0}.Debug|Any CPU.ActiveCfg = Debug|x86
		{703BEF24-DE49-4DA1-A25B-56BB1E7CDCD0}.Debug|Mixed Platforms.ActiveCfg = Debug|x86
		{703BEF24-DE49-4DA1-A25B-56BB1E7CDCD0}.Debug|Mixed Platforms.Build.0 = Debug|x86
		{703BEF24-DE49-4DA1-A25B-56BB1E7CDCD0}.Debug|x86.ActiveCfg = Debug|x86
		{703BEF24-DE49-4DA1-A25B-56BB1E7CDCD0}.Debug|x86.Build.0 = Debug|x86
		{703BEF24-DE49-4DA1-A25B-56BB1E7CDCD0}.iOS|Any CPU.ActiveCfg = Debug|x86
		{703BEF24-DE49-4DA1-A25B-56BB1E7CDCD0}.iOS|Mixed Platforms.ActiveCfg = Debug|x86
		{703BEF24-DE49-4DA1-A25B-56BB1E7CDCD0}.iOS|Mixed Platforms.Build.0 = Debug|x86
		{703BEF24-DE49-4DA1-A25B-56BB1E7CDCD0}.iOS|x86.ActiveCfg = Debug|x86
		{703BEF24-DE49-4DA1-A25B-56BB1E7CDCD0}.iOS|x86.Build.0 = Debug|x86
		{703BEF24-DE49-4DA1-A25B-56BB1E7CDCD0}.Linux|Any CPU.ActiveCfg = Debug|x86
		{703BEF24-DE49-4DA1-A25B-56BB1E7CDCD0}.Linux|Mixed Platforms.ActiveCfg = Debug|x86
		{703BEF24-DE49-4DA1-A25B-56BB1E7CDCD0}.Linux|Mixed Platforms.Build.0 = Debug|x86
		{703BEF24-DE49-4DA1-A25B-56BB1E7CDCD0}.Linux|x86.ActiveCfg = Debug|x86
		{703BEF24-DE49-4DA1-A25B-56BB1E7CDCD0}.Linux|x86.Build.0 = Debug|x86
		{703BEF24-DE49-4DA1-A25B-56BB1E7CDCD0}.OSX|Any CPU.ActiveCfg = Debug|x86
		{703BEF24-DE49-4DA1-A25B-56BB1E7CDCD0}.OSX|Mixed Platforms.ActiveCfg = Debug|x86
		{703BEF24-DE49-4DA1-A25B-56BB1E7CDCD0}.OSX|Mixed Platforms.Build.0 = Debug|x86
		{703BEF24-DE49-4DA1-A25B-56BB1E7CDCD0}.OSX|x86.ActiveCfg = Debug|x86
		{703BEF24-DE49-4DA1-A25B-56BB1E7CDCD0}.OSX|x86.Build.0 = Debug|x86
		{703BEF24-DE49-4DA1-A25B-56BB1E7CDCD0}.PSM|Any CPU.ActiveCfg = Debug|x86
		{703BEF24-DE49-4DA1-A25B-56BB1E7CDCD0}.PSM|Mixed Platforms.ActiveCfg = Debug|x86
		{703BEF24-DE49-4DA1-A25B-56BB1E7CDCD0}.PSM|Mixed Platforms.Build.0 = Debug|x86
		{703BEF24-DE49-4DA1-A25B-56BB1E7CDCD0}.PSM|x86.ActiveCfg = Debug|x86
		{703BEF24-DE49-4DA1-A25B-56BB1E7CDCD0}.PSM|x86.Build.0 = Debug|x86
		{703BEF24-DE49-4DA1-A25B-56BB1E7CDCD0}.Release|Any CPU.ActiveCfg = Debug|x86
		{703BEF24-DE49-4DA1-A25B-56BB1E7CDCD0}.Release|Mixed Platforms.ActiveCfg = Debug|x86
		{703BEF24-DE49-4DA1-A25B-56BB1E7CDCD0}.Release|Mixed Platforms.Build.0 = Debug|x86
		{703BEF24-DE49-4DA1-A25B-56BB1E7CDCD0}.Release|x86.ActiveCfg = Debug|x86
		{703BEF24-DE49-4DA1-A25B-56BB1E7CDCD0}.Release|x86.Build.0 = Debug|x86
		{703BEF24-DE49-4DA1-A25B-56BB1E7CDCD0}.Windows|Any CPU.ActiveCfg = Debug|x86
		{703BEF24-DE49-4DA1-A25B-56BB1E7CDCD0}.Windows|Mixed Platforms.ActiveCfg = Debug|x86
		{703BEF24-DE49-4DA1-A25B-56BB1E7CDCD0}.Windows|Mixed Platforms.Build.0 = Debug|x86
		{703BEF24-DE49-4DA1-A25B-56BB1E7CDCD0}.Windows|x86.ActiveCfg = Debug|x86
		{703BEF24-DE49-4DA1-A25B-56BB1E7CDCD0}.Windows|x86.Build.0 = Debug|x86
		{703BEF24-DE49-4DA1-A25B-56BB1E7CDCD0}.Windows8|Any CPU.ActiveCfg = Debug|x86
		{703BEF24-DE49-4DA1-A25B-56BB1E7CDCD0}.Windows8|Mixed Platforms.ActiveCfg = Debug|x86
		{703BEF24-DE49-4DA1-A25B-56BB1E7CDCD0}.Windows8|Mixed Platforms.Build.0 = Debug|x86
		{703BEF24-DE49-4DA1-A25B-56BB1E7CDCD0}.Windows8|x86.ActiveCfg = Debug|x86
		{703BEF24-DE49-4DA1-A25B-56BB1E7CDCD0}.Windows8|x86.Build.0 = Debug|x86
	EndGlobalSection
	GlobalSection(SolutionProperties) = preSolution
		HideSolutionNode = FALSE
	EndGlobalSection
EndGlobal
